github.com/davecgh/go-spew v1.1.1 h1:vj9j/u1bqnvCEfJOwUhtlOARqs3+rkHYY13jYWTU97c=
github.com/davecgh/go-spew v1.1.1/go.mod h1:J7Y8YcW2NihsgmVo/mv3lAwl/skON4iLHjSsI+c5H38=
github.com/go-errr/go v1.0.14 h1:tF7RUxMtQBrwNsYvISVe6GwvDIYWAoeEv7q9jPB9ZeY=
github.com/go-errr/go v1.0.14/go.mod h1:hd3Xbk1kA04T6215k89hJOgArzO68BOw3J3ZvaFa4Z0=
github.com/go-jang/file-lock v1.0.1 h1:PRRT0M9Nqs5E2/sQaJ4kbiHBmOCLgFG2ESe82MvEiLc=
github.com/go-jang/file-lock v1.0.1/go.mod h1:TXalcB24hvYcFqGvNa830HoYNMAqXDQWoO/PZAx5C5U=
github.com/go-jang/go v1.0.4 h1:M7bnmub8ChlLOzymvT0Ex8mMiSro6yEf4v4AcaljSEg=
github.com/go-jang/go v1.0.4/go.mod h1:S1dgCbN7Hx/vQFSqF98X9h1NhCBAFWjS6TdrhhCLI8M=
github.com/go-log4g/core v1.0.9 h1:RygA8JWVgPqZetf2+aS9OV2AP/WZDwDmaN4Q26eivxM=
github.com/go-log4g/core v1.0.9/go.mod h1:xocaeQX7e6vuQa+yCZEg+G5YRzfQlDtCf58uAQz8oiQ=
github.com/go-log4g/core v1.0.10 h1:4GhjJGmO54JFcLlvylfYnqjeBorjigOxTz+SLLejQGw=
github.com/go-log4g/core v1.0.10/go.mod h1:xocaeQX7e6vuQa+yCZEg+G5YRzfQlDtCf58uAQz8oiQ=
github.com/pmezard/go-difflib v1.0.0 h1:4DBwDE0NGyQoBHbLQYPwSUPoCMWR5BEzIk/f1lZbAQM=
github.com/pmezard/go-difflib v1.0.0/go.mod h1:iKH77koFhYxTK1pcRnkKkqfTogsbg7gZNVY4sRDYZ/4=
github.com/stretchr/testify v1.11.1 h1:7s2iGBzp5EwR7/aIZr8ao5+dra3wiQyKjjFuvgVKu7U=
github.com/stretchr/testify v1.11.1/go.mod h1:wZwfW3scLgRK+23gO65QZefKpKQRnfz6sD981Nm4B6U=
golang.org/x/sys v0.47.0 h1:o7XGOvZQCADBQQ4Y7VNq2dRWQR7JmOUW8Kxx4ZsNgWs=
golang.org/x/sys v0.47.0/go.mod h1:4GL1E5IUh+htKOUEOaiffhrAeqysfVGipDYzABqnCmw=
gopkg.in/check.v1 v0.0.0-20161208181325-20d25e280405 h1:yhCVgyC4o1eVCa2tZl7eS0r+SDo693bJlVdllGtEeKM=
gopkg.in/check.v1 v0.0.0-20161208181325-20d25e280405/go.mod h1:Co6ibVJAznAaIkqp8huTwlJQCZ016jof/cbN4VW5Yz0=
gopkg.in/yaml.v3 v3.0.1 h1:fxVm/GzAzEWqLHuvctI91KS9hhNmmWOoWu0XTYJS7CA=
gopkg.in/yaml.v3 v3.0.1/go.mod h1:K4uyk7z7BCEPqu6E+C64Yfv1cQ7kz7rIZviUmN+EgEM=
